Microsoft Visual Studio Solution File, Format Version 11.00
# Visual Studio 2008

Project("{57CE3F25-2E73-3DF6-BB36-742887CCC7E7}") = "Save Earth", "Assembly-CSharp-firstpass-vs.csproj", "{E9FD5613-3864-ECA7-1021-49D43FD8BB8B}"
EndProject
Project("{57CE3F25-2E73-3DF6-BB36-742887CCC7E7}") = "Save Earth", "Assembly-CSharp-vs.csproj", "{63F69932-221C-FCAC-89FA-ACE02D50046E}"
EndProject
Project("{57CE3F25-2E73-3DF6-BB36-742887CCC7E7}") = "Save Earth", "Assembly-CSharp-Editor-vs.csproj", "{CA2AC964-C0D4-975A-7699-07DFA560E3CC}"
EndProject
Global
	GlobalSection(SolutionConfigurationPlatforms) = preSolution
		Debug|Any CPU = Debug|Any CPU
		Release|Any CPU = Release|Any CPU
	EndGlobalSection
	GlobalSection(ProjectConfigurationPlatforms) = postSolution
		{E9FD5613-3864-ECA7-1021-49D43FD8BB8B}.Debug|Any CPU.ActiveCfg = Debug|Any CPU
		{E9FD5613-3864-ECA7-1021-49D43FD8BB8B}.Debug|Any CPU.Build.0 = Debug|Any CPU
		{E9FD5613-3864-ECA7-1021-49D43FD8BB8B}.Release|Any CPU.ActiveCfg = Release|Any CPU
		{E9FD5613-3864-ECA7-1021-49D43FD8BB8B}.Release|Any CPU.Build.0 = Release|Any CPU
		{63F69932-221C-FCAC-89FA-ACE02D50046E}.Debug|Any CPU.ActiveCfg = Debug|Any CPU
		{63F69932-221C-FCAC-89FA-ACE02D50046E}.Debug|Any CPU.Build.0 = Debug|Any CPU
		{63F69932-221C-FCAC-89FA-ACE02D50046E}.Release|Any CPU.ActiveCfg = Release|Any CPU
		{63F69932-221C-FCAC-89FA-ACE02D50046E}.Release|Any CPU.Build.0 = Release|Any CPU
		{CA2AC964-C0D4-975A-7699-07DFA560E3CC}.Debug|Any CPU.ActiveCfg = Debug|Any CPU
		{CA2AC964-C0D4-975A-7699-07DFA560E3CC}.Debug|Any CPU.Build.0 = Debug|Any CPU
		{CA2AC964-C0D4-975A-7699-07DFA560E3CC}.Release|Any CPU.ActiveCfg = Release|Any CPU
		{CA2AC964-C0D4-975A-7699-07DFA560E3CC}.Release|Any CPU.Build.0 = Release|Any CPU
	EndGlobalSection
	GlobalSection(SolutionProperties) = preSolution
		HideSolutionNode = FALSE
	EndGlobalSection
		GlobalSection(MonoDevelopProperties) = preSolution
		StartupItem = Assembly-CSharp.csproj
		Policies = $0
		$0.TextStylePolicy = $1
		$1.inheritsSet = null
		$1.scope = text/x-csharp
		$0.CSharpFormattingPolicy = $2
		$2.inheritsSet = Mono
		$2.inheritsScope = text/x-csharp
		$2.scope = text/x-csharp
		$0.TextStylePolicy = $3
		$3.FileWidth = 120
		$3.TabWidth = 4
		$3.IndentWidth = 4
		$3.EolMarker = Unix
		$3.inheritsSet = Mono
		$3.inheritsScope = text/plain
		$3.scope = text/plain
	EndGlobalSection

EndGlobal
